
Microsoft Visual Studio Solution File, Format Version 12.00
# Visual Studio Version 16
VisualStudioVersion = 16.0.31624.102
MinimumVisualStudioVersion = 10.0.40219.1
Project("{FAE04EC0-301F-11D3-BF4B-00C04F79EFBC}") = "Login Logout", "Login Logout\Login Logout.csproj", "{626A4482-98EA-4AE8-A24F-AEB4DBBEC373}"
EndProject
Global
	GlobalSection(SolutionConfigurationPlatforms) = preSolution
		Debug|Any CPU = Debug|Any CPU
		Release|Any CPU = Release|Any CPU
	EndGlobalSection
	GlobalSection(ProjectConfigurationPlatforms) = postSolution
		{626A4482-98EA-4AE8-A24F-AEB4DBBEC373}.Debug|Any CPU.ActiveCfg = Debug|Any CPU
		{626A4482-98EA-4AE8-A24F-AEB4DBBEC373}.Debug|Any CPU.Build.0 = Debug|Any CPU
		{626A4482-98EA-4AE8-A24F-AEB4DBBEC373}.Release|Any CPU.ActiveCfg = Release|Any CPU
		{626A4482-98EA-4AE8-A24F-AEB4DBBEC373}.Release|Any CPU.Build.0 = Release|Any CPU
	EndGlobalSection
	GlobalSection(SolutionProperties) = preSolution
		HideSolutionNode = FALSE
	EndGlobalSection
	GlobalSection(ExtensibilityGlobals) = postSolution
		SolutionGuid = {E0544627-8004-4ED7-852B-9DC02D171960}
	EndGlobalSection
EndGlobal
